// !$*UTF8*$!
{
	archiveVersion = 1;
	classes = {
	};
	objectVersion = 50;
	objects = {

/* Begin PBXBuildFile section */
		1757E040D09150FFE6568585 /* Pods_TechChallenge.framework in Frameworks */ = {isa = PBXBuildFile; fileRef = 9D59CA1B753ECF7ECCA9863E /* Pods_TechChallenge.framework */; };
		1D51A8FF6A74135C6AF00172 /* Pods_TechChallengeTests.framework in Frameworks */ = {isa = PBXBuildFile; fileRef = 7ECAA86C3C72A6476E14F108 /* Pods_TechChallengeTests.framework */; };
		93C2FF9F077C3697A1EF7CE3 /* Pods_TechChallengeUITests.framework in Frameworks */ = {isa = PBXBuildFile; fileRef = 4F917B34FB2470C064B8822A /* Pods_TechChallengeUITests.framework */; };
		BD351D2421AF95FD00B67054 /* AppDelegate.swift in Sources */ = {isa = PBXBuildFile; fileRef = BD351D2321AF95FD00B67054 /* AppDelegate.swift */; };
		BD351D2621AF95FD00B67054 /* IndexViewController.swift in Sources */ = {isa = PBXBuildFile; fileRef = BD351D2521AF95FD00B67054 /* IndexViewController.swift */; };
		BD351D2B21AF95FE00B67054 /* Assets.xcassets in Resources */ = {isa = PBXBuildFile; fileRef = BD351D2A21AF95FE00B67054 /* Assets.xcassets */; };
		BD351D2E21AF95FE00B67054 /* LaunchScreen.storyboard in Resources */ = {isa = PBXBuildFile; fileRef = BD351D2C21AF95FE00B67054 /* LaunchScreen.storyboard */; };
		BD351D3921AF95FE00B67054 /* TechChallengeTests.swift in Sources */ = {isa = PBXBuildFile; fileRef = BD351D3821AF95FE00B67054 /* TechChallengeTests.swift */; };
		BD351D4421AF95FE00B67054 /* TechChallengeUITests.swift in Sources */ = {isa = PBXBuildFile; fileRef = BD351D4321AF95FE00B67054 /* TechChallengeUITests.swift */; };
		BD52994F21AFACB80061B63B /* EnvironmentManager.swift in Sources */ = {isa = PBXBuildFile; fileRef = BD52994E21AFACB80061B63B /* EnvironmentManager.swift */; };
		BD52995321AFD3020061B63B /* TableViewCell.swift in Sources */ = {isa = PBXBuildFile; fileRef = BD52995221AFD3020061B63B /* TableViewCell.swift */; };
		BD950CF621B3B0A800F9060C /* TableViewBinder.swift in Sources */ = {isa = PBXBuildFile; fileRef = BD950CF521B3B0A800F9060C /* TableViewBinder.swift */; };
		BD950CF821B3B12000F9060C /* TableViewLoadingCell.swift in Sources */ = {isa = PBXBuildFile; fileRef = BD950CF721B3B12000F9060C /* TableViewLoadingCell.swift */; };
		BD950CFB21B3B16200F9060C /* TableViewLoadingCellViewModel.swift in Sources */ = {isa = PBXBuildFile; fileRef = BD950CFA21B3B16200F9060C /* TableViewLoadingCellViewModel.swift */; };
		BD950CFD21B3B32100F9060C /* TableViewErrorCell.swift in Sources */ = {isa = PBXBuildFile; fileRef = BD950CFC21B3B32100F9060C /* TableViewErrorCell.swift */; };
		BD950CFF21B3B32F00F9060C /* TableViewErrorCellViewModel.swift in Sources */ = {isa = PBXBuildFile; fileRef = BD950CFE21B3B32F00F9060C /* TableViewErrorCellViewModel.swift */; };
		BD950D0121B3B63A00F9060C /* APIError.swift in Sources */ = {isa = PBXBuildFile; fileRef = BD950D0021B3B63A00F9060C /* APIError.swift */; };
		BD950D0321B3C26600F9060C /* Globals.swift in Sources */ = {isa = PBXBuildFile; fileRef = BD950D0221B3C26600F9060C /* Globals.swift */; };
		BD950D0621B3C28F00F9060C /* Coordinator.swift in Sources */ = {isa = PBXBuildFile; fileRef = BD950D0521B3C28F00F9060C /* Coordinator.swift */; };
		BD950D0821B3C2C400F9060C /* Screen.swift in Sources */ = {isa = PBXBuildFile; fileRef = BD950D0721B3C2C400F9060C /* Screen.swift */; };
		BD950D0A21B3C31C00F9060C /* DetailViewModel.swift in Sources */ = {isa = PBXBuildFile; fileRef = BD950D0921B3C31C00F9060C /* DetailViewModel.swift */; };
		BD950D0E21B3C78F00F9060C /* ScreenTransition.swift in Sources */ = {isa = PBXBuildFile; fileRef = BD950D0D21B3C78F00F9060C /* ScreenTransition.swift */; };
		BD950D1021B3CB2500F9060C /* DetailView.swift in Sources */ = {isa = PBXBuildFile; fileRef = BD950D0F21B3CB2500F9060C /* DetailView.swift */; };
		BD9D126B21AF9CE80017B423 /* .gitignore in Resources */ = {isa = PBXBuildFile; fileRef = BD9D126A21AF9CE80017B423 /* .gitignore */; };
		BD9D126D21AF9D0A0017B423 /* DetailViewController.swift in Sources */ = {isa = PBXBuildFile; fileRef = BD9D126C21AF9D0A0017B423 /* DetailViewController.swift */; };
		BD9D127021AF9DD20017B423 /* TableView.swift in Sources */ = {isa = PBXBuildFile; fileRef = BD9D126F21AF9DD20017B423 /* TableView.swift */; };
		BD9D127221AF9EA90017B423 /* IndexView.swift in Sources */ = {isa = PBXBuildFile; fileRef = BD9D127121AF9EA90017B423 /* IndexView.swift */; };
		BD9D127421AFA0020017B423 /* TableViewModel.swift in Sources */ = {isa = PBXBuildFile; fileRef = BD9D127321AFA0020017B423 /* TableViewModel.swift */; };
		BD9D127621AFA12F0017B423 /* IndexViewModel.swift in Sources */ = {isa = PBXBuildFile; fileRef = BD9D127521AFA12F0017B423 /* IndexViewModel.swift */; };
		BD9D127821AFA1670017B423 /* DeliveryCellViewModel.swift in Sources */ = {isa = PBXBuildFile; fileRef = BD9D127721AFA1670017B423 /* DeliveryCellViewModel.swift */; };
		BD9D127A21AFA1730017B423 /* DeliveryCell.swift in Sources */ = {isa = PBXBuildFile; fileRef = BD9D127921AFA1730017B423 /* DeliveryCell.swift */; };
		BD9D127D21AFA4830017B423 /* CollectionExtensions.swift in Sources */ = {isa = PBXBuildFile; fileRef = BD9D127C21AFA4830017B423 /* CollectionExtensions.swift */; };
		BD9D128121AFA6A60017B423 /* Delivery.swift in Sources */ = {isa = PBXBuildFile; fileRef = BD9D128021AFA6A60017B423 /* Delivery.swift */; };
		BD9D128321AFA6C10017B423 /* Location.swift in Sources */ = {isa = PBXBuildFile; fileRef = BD9D128221AFA6C10017B423 /* Location.swift */; };
		BD9D128521AFA7060017B423 /* APIClient.swift in Sources */ = {isa = PBXBuildFile; fileRef = BD9D128421AFA7060017B423 /* APIClient.swift */; };
		BD9D128721AFA7BD0017B423 /* DeliveryCompanyClient.swift in Sources */ = {isa = PBXBuildFile; fileRef = BD9D128621AFA7BD0017B423 /* DeliveryCompanyClient.swift */; };
		BD9D128921AFA81C0017B423 /* APIClientConfiguration.swift in Sources */ = {isa = PBXBuildFile; fileRef = BD9D128821AFA81C0017B423 /* APIClientConfiguration.swift */; };
/* End PBXBuildFile section */

/* Begin PBXContainerItemProxy section */
		BD351D3521AF95FE00B67054 /* PBXContainerItemProxy */ = {
			isa = PBXContainerItemProxy;
			containerPortal = BD351D1821AF95FD00B67054 /* Project object */;
			proxyType = 1;
			remoteGlobalIDString = BD351D1F21AF95FD00B67054;
			remoteInfo = TechChallenge;
		};
		BD351D4021AF95FE00B67054 /* PBXContainerItemProxy */ = {
			isa = PBXContainerItemProxy;
			containerPortal = BD351D1821AF95FD00B67054 /* Project object */;
			proxyType = 1;
			remoteGlobalIDString = BD351D1F21AF95FD00B67054;
			remoteInfo = TechChallenge;
		};
/* End PBXContainerItemProxy section */

/* Begin PBXFileReference section */
		2A5F55FB083B46FDF7DFCB7C /* Pods-TechChallenge.release.xcconfig */ = {isa = PBXFileReference; includeInIndex = 1; lastKnownFileType = text.xcconfig; name = "Pods-TechChallenge.release.xcconfig"; path = "Pods/Target Support Files/Pods-TechChallenge/Pods-TechChallenge.release.xcconfig"; sourceTree = "<group>"; };
		4F917B34FB2470C064B8822A /* Pods_TechChallengeUITests.framework */ = {isa = PBXFileReference; explicitFileType = wrapper.framework; includeInIndex = 0; path = Pods_TechChallengeUITests.framework; sourceTree = BUILT_PRODUCTS_DIR; };
		5D87FDA7F1C14B7117D17B2D /* Pods-TechChallengeUITests.release.xcconfig */ = {isa = PBXFileReference; includeInIndex = 1; lastKnownFileType = text.xcconfig; name = "Pods-TechChallengeUITests.release.xcconfig"; path = "Pods/Target Support Files/Pods-TechChallengeUITests/Pods-TechChallengeUITests.release.xcconfig"; sourceTree = "<group>"; };
		65B81A2BD76AF785927CC632 /* Pods-TechChallengeUITests.debug.xcconfig */ = {isa = PBXFileReference; includeInIndex = 1; lastKnownFileType = text.xcconfig; name = "Pods-TechChallengeUITests.debug.xcconfig"; path = "Pods/Target Support Files/Pods-TechChallengeUITests/Pods-TechChallengeUITests.debug.xcconfig"; sourceTree = "<group>"; };
		7ECAA86C3C72A6476E14F108 /* Pods_TechChallengeTests.framework */ = {isa = PBXFileReference; explicitFileType = wrapper.framework; includeInIndex = 0; path = Pods_TechChallengeTests.framework; sourceTree = BUILT_PRODUCTS_DIR; };
		83C49625734B3E8F40D20E15 /* Pods-TechChallenge.debug.xcconfig */ = {isa = PBXFileReference; includeInIndex = 1; lastKnownFileType = text.xcconfig; name = "Pods-TechChallenge.debug.xcconfig"; path = "Pods/Target Support Files/Pods-TechChallenge/Pods-TechChallenge.debug.xcconfig"; sourceTree = "<group>"; };
		89E06281B570550F6DF9E3AE /* Pods-TechChallengeTests.debug.xcconfig */ = {isa = PBXFileReference; includeInIndex = 1; lastKnownFileType = text.xcconfig; name = "Pods-TechChallengeTests.debug.xcconfig"; path = "Pods/Target Support Files/Pods-TechChallengeTests/Pods-TechChallengeTests.debug.xcconfig"; sourceTree = "<group>"; };
		9D59CA1B753ECF7ECCA9863E /* Pods_TechChallenge.framework */ = {isa = PBXFileReference; explicitFileType = wrapper.framework; includeInIndex = 0; path = Pods_TechChallenge.framework; sourceTree = BUILT_PRODUCTS_DIR; };
		BD351D2021AF95FD00B67054 /* TechChallenge.app */ = {isa = PBXFileReference; explicitFileType = wrapper.application; includeInIndex = 0; path = TechChallenge.app; sourceTree = BUILT_PRODUCTS_DIR; };
		BD351D2321AF95FD00B67054 /* AppDelegate.swift */ = {isa = PBXFileReference; lastKnownFileType = sourcecode.swift; path = AppDelegate.swift; sourceTree = "<group>"; };
		BD351D2521AF95FD00B67054 /* IndexViewController.swift */ = {isa = PBXFileReference; lastKnownFileType = sourcecode.swift; path = IndexViewController.swift; sourceTree = "<group>"; };
		BD351D2A21AF95FE00B67054 /* Assets.xcassets */ = {isa = PBXFileReference; lastKnownFileType = folder.assetcatalog; path = Assets.xcassets; sourceTree = "<group>"; };
		BD351D2D21AF95FE00B67054 /* Base */ = {isa = PBXFileReference; lastKnownFileType = file.storyboard; name = Base; path = Base.lproj/LaunchScreen.storyboard; sourceTree = "<group>"; };
		BD351D2F21AF95FE00B67054 /* Info.plist */ = {isa = PBXFileReference; lastKnownFileType = text.plist.xml; path = Info.plist; sourceTree = "<group>"; };
		BD351D3421AF95FE00B67054 /* TechChallengeTests.xctest */ = {isa = PBXFileReference; explicitFileType = wrapper.cfbundle; includeInIndex = 0; path = TechChallengeTests.xctest; sourceTree = BUILT_PRODUCTS_DIR; };
		BD351D3821AF95FE00B67054 /* TechChallengeTests.swift */ = {isa = PBXFileReference; lastKnownFileType = sourcecode.swift; path = TechChallengeTests.swift; sourceTree = "<group>"; };
		BD351D3A21AF95FE00B67054 /* Info.plist */ = {isa = PBXFileReference; lastKnownFileType = text.plist.xml; path = Info.plist; sourceTree = "<group>"; };
		BD351D3F21AF95FE00B67054 /* TechChallengeUITests.xctest */ = {isa = PBXFileReference; explicitFileType = wrapper.cfbundle; includeInIndex = 0; path = TechChallengeUITests.xctest; sourceTree = BUILT_PRODUCTS_DIR; };
		BD351D4321AF95FE00B67054 /* TechChallengeUITests.swift */ = {isa = PBXFileReference; lastKnownFileType = sourcecode.swift; path = TechChallengeUITests.swift; sourceTree = "<group>"; };
		BD351D4521AF95FE00B67054 /* Info.plist */ = {isa = PBXFileReference; lastKnownFileType = text.plist.xml; path = Info.plist; sourceTree = "<group>"; };
		BD52994E21AFACB80061B63B /* EnvironmentManager.swift */ = {isa = PBXFileReference; lastKnownFileType = sourcecode.swift; path = EnvironmentManager.swift; sourceTree = "<group>"; };
		BD52995221AFD3020061B63B /* TableViewCell.swift */ = {isa = PBXFileReference; lastKnownFileType = sourcecode.swift; path = TableViewCell.swift; sourceTree = "<group>"; };
		BD950CF521B3B0A800F9060C /* TableViewBinder.swift */ = {isa = PBXFileReference; lastKnownFileType = sourcecode.swift; path = TableViewBinder.swift; sourceTree = "<group>"; };
		BD950CF721B3B12000F9060C /* TableViewLoadingCell.swift */ = {isa = PBXFileReference; lastKnownFileType = sourcecode.swift; path = TableViewLoadingCell.swift; sourceTree = "<group>"; };
		BD950CFA21B3B16200F9060C /* TableViewLoadingCellViewModel.swift */ = {isa = PBXFileReference; lastKnownFileType = sourcecode.swift; path = TableViewLoadingCellViewModel.swift; sourceTree = "<group>"; };
		BD950CFC21B3B32100F9060C /* TableViewErrorCell.swift */ = {isa = PBXFileReference; lastKnownFileType = sourcecode.swift; path = TableViewErrorCell.swift; sourceTree = "<group>"; };
		BD950CFE21B3B32F00F9060C /* TableViewErrorCellViewModel.swift */ = {isa = PBXFileReference; lastKnownFileType = sourcecode.swift; path = TableViewErrorCellViewModel.swift; sourceTree = "<group>"; };
		BD950D0021B3B63A00F9060C /* APIError.swift */ = {isa = PBXFileReference; lastKnownFileType = sourcecode.swift; path = APIError.swift; sourceTree = "<group>"; };
		BD950D0221B3C26600F9060C /* Globals.swift */ = {isa = PBXFileReference; lastKnownFileType = sourcecode.swift; path = Globals.swift; sourceTree = "<group>"; };
		BD950D0521B3C28F00F9060C /* Coordinator.swift */ = {isa = PBXFileReference; lastKnownFileType = sourcecode.swift; path = Coordinator.swift; sourceTree = "<group>"; };
		BD950D0721B3C2C400F9060C /* Screen.swift */ = {isa = PBXFileReference; lastKnownFileType = sourcecode.swift; path = Screen.swift; sourceTree = "<group>"; };
		BD950D0921B3C31C00F9060C /* DetailViewModel.swift */ = {isa = PBXFileReference; lastKnownFileType = sourcecode.swift; path = DetailViewModel.swift; sourceTree = "<group>"; };
		BD950D0D21B3C78F00F9060C /* ScreenTransition.swift */ = {isa = PBXFileReference; lastKnownFileType = sourcecode.swift; path = ScreenTransition.swift; sourceTree = "<group>"; };
		BD950D0F21B3CB2500F9060C /* DetailView.swift */ = {isa = PBXFileReference; lastKnownFileType = sourcecode.swift; path = DetailView.swift; sourceTree = "<group>"; };
		BD9D126A21AF9CE80017B423 /* .gitignore */ = {isa = PBXFileReference; fileEncoding = 4; lastKnownFileType = text; path = .gitignore; sourceTree = SOURCE_ROOT; };
		BD9D126C21AF9D0A0017B423 /* DetailViewController.swift */ = {isa = PBXFileReference; lastKnownFileType = sourcecode.swift; path = DetailViewController.swift; sourceTree = "<group>"; };
		BD9D126F21AF9DD20017B423 /* TableView.swift */ = {isa = PBXFileReference; lastKnownFileType = sourcecode.swift; path = TableView.swift; sourceTree = "<group>"; };
		BD9D127121AF9EA90017B423 /* IndexView.swift */ = {isa = PBXFileReference; lastKnownFileType = sourcecode.swift; path = IndexView.swift; sourceTree = "<group>"; };
		BD9D127321AFA0020017B423 /* TableViewModel.swift */ = {isa = PBXFileReference; lastKnownFileType = sourcecode.swift; path = TableViewModel.swift; sourceTree = "<group>"; };
		BD9D127521AFA12F0017B423 /* IndexViewModel.swift */ = {isa = PBXFileReference; lastKnownFileType = sourcecode.swift; path = IndexViewModel.swift; sourceTree = "<group>"; };
		BD9D127721AFA1670017B423 /* DeliveryCellViewModel.swift */ = {isa = PBXFileReference; lastKnownFileType = sourcecode.swift; path = DeliveryCellViewModel.swift; sourceTree = "<group>"; };
		BD9D127921AFA1730017B423 /* DeliveryCell.swift */ = {isa = PBXFileReference; lastKnownFileType = sourcecode.swift; path = DeliveryCell.swift; sourceTree = "<group>"; };
		BD9D127C21AFA4830017B423 /* CollectionExtensions.swift */ = {isa = PBXFileReference; lastKnownFileType = sourcecode.swift; path = CollectionExtensions.swift; sourceTree = "<group>"; };
		BD9D128021AFA6A60017B423 /* Delivery.swift */ = {isa = PBXFileReference; lastKnownFileType = sourcecode.swift; path = Delivery.swift; sourceTree = "<group>"; };
		BD9D128221AFA6C10017B423 /* Location.swift */ = {isa = PBXFileReference; lastKnownFileType = sourcecode.swift; path = Location.swift; sourceTree = "<group>"; };
		BD9D128421AFA7060017B423 /* APIClient.swift */ = {isa = PBXFileReference; lastKnownFileType = sourcecode.swift; path = APIClient.swift; sourceTree = "<group>"; };
		BD9D128621AFA7BD0017B423 /* DeliveryCompanyClient.swift */ = {isa = PBXFileReference; lastKnownFileType = sourcecode.swift; path = DeliveryCompanyClient.swift; sourceTree = "<group>"; };
		BD9D128821AFA81C0017B423 /* APIClientConfiguration.swift */ = {isa = PBXFileReference; lastKnownFileType = sourcecode.swift; path = APIClientConfiguration.swift; sourceTree = "<group>"; };
		D5447A8A802E8CB6BC60BA43 /* Pods-TechChallengeTests.release.xcconfig */ = {isa = PBXFileReference; includeInIndex = 1; lastKnownFileType = text.xcconfig; name = "Pods-TechChallengeTests.release.xcconfig"; path = "Pods/Target Support Files/Pods-TechChallengeTests/Pods-TechChallengeTests.release.xcconfig"; sourceTree = "<group>"; };
/* End PBXFileReference section */

/* Begin PBXFrameworksBuildPhase section */
		BD351D1D21AF95FD00B67054 /* Frameworks */ = {
			isa = PBXFrameworksBuildPhase;
			buildActionMask = 2147483647;
			files = (
				1757E040D09150FFE6568585 /* Pods_TechChallenge.framework in Frameworks */,
			);
			runOnlyForDeploymentPostprocessing = 0;
		};
		BD351D3121AF95FE00B67054 /* Frameworks */ = {
			isa = PBXFrameworksBuildPhase;
			buildActionMask = 2147483647;
			files = (
				1D51A8FF6A74135C6AF00172 /* Pods_TechChallengeTests.framework in Frameworks */,
			);
			runOnlyForDeploymentPostprocessing = 0;
		};
		BD351D3C21AF95FE00B67054 /* Frameworks */ = {
			isa = PBXFrameworksBuildPhase;
			buildActionMask = 2147483647;
			files = (
				93C2FF9F077C3697A1EF7CE3 /* Pods_TechChallengeUITests.framework in Frameworks */,
			);
			runOnlyForDeploymentPostprocessing = 0;
		};
/* End PBXFrameworksBuildPhase section */

/* Begin PBXGroup section */
		BD351D1721AF95FD00B67054 = {
			isa = PBXGroup;
			children = (
				BD351D2221AF95FD00B67054 /* TechChallenge */,
				BD351D3721AF95FE00B67054 /* TechChallengeTests */,
				BD351D4221AF95FE00B67054 /* TechChallengeUITests */,
				BD351D2121AF95FD00B67054 /* Products */,
				EFBCAFE2A4E9A06EC3C3C612 /* Pods */,
				FD0C0AFAE2B0AFB82C2BDF3B /* Frameworks */,
			);
			sourceTree = "<group>";
		};
		BD351D2121AF95FD00B67054 /* Products */ = {
			isa = PBXGroup;
			children = (
				BD351D2021AF95FD00B67054 /* TechChallenge.app */,
				BD351D3421AF95FE00B67054 /* TechChallengeTests.xctest */,
				BD351D3F21AF95FE00B67054 /* TechChallengeUITests.xctest */,
			);
			name = Products;
			sourceTree = "<group>";
		};
		BD351D2221AF95FD00B67054 /* TechChallenge */ = {
			isa = PBXGroup;
			children = (
				BD351D2321AF95FD00B67054 /* AppDelegate.swift */,
				BD9D127E21AFA68E0017B423 /* API */,
				BD950D0421B3C27500F9060C /* Navigation */,
				BD9D127F21AFA6990017B423 /* Model */,
				BD9D126721AF9CC00017B423 /* Configurations */,
				BD9D126621AF9CB60017B423 /* DetailView */,
				BD9D126521AF9CAE0017B423 /* IndexView */,
				BD9D126E21AF9DB80017B423 /* Utils */,
				BD351D2A21AF95FE00B67054 /* Assets.xcassets */,
				BD351D2C21AF95FE00B67054 /* LaunchScreen.storyboard */,
			);
			path = TechChallenge;
			sourceTree = "<group>";
		};
		BD351D3721AF95FE00B67054 /* TechChallengeTests */ = {
			isa = PBXGroup;
			children = (
				BD351D3821AF95FE00B67054 /* TechChallengeTests.swift */,
				BD351D3A21AF95FE00B67054 /* Info.plist */,
			);
			path = TechChallengeTests;
			sourceTree = "<group>";
		};
		BD351D4221AF95FE00B67054 /* TechChallengeUITests */ = {
			isa = PBXGroup;
			children = (
				BD351D4321AF95FE00B67054 /* TechChallengeUITests.swift */,
				BD351D4521AF95FE00B67054 /* Info.plist */,
			);
			path = TechChallengeUITests;
			sourceTree = "<group>";
		};
		BD950CF921B3B13E00F9060C /* TableView */ = {
			isa = PBXGroup;
			children = (
				BD9D126F21AF9DD20017B423 /* TableView.swift */,
				BD950CF521B3B0A800F9060C /* TableViewBinder.swift */,
				BD52995221AFD3020061B63B /* TableViewCell.swift */,
				BD9D127321AFA0020017B423 /* TableViewModel.swift */,
				BD950CF721B3B12000F9060C /* TableViewLoadingCell.swift */,
				BD950CFA21B3B16200F9060C /* TableViewLoadingCellViewModel.swift */,
				BD950CFC21B3B32100F9060C /* TableViewErrorCell.swift */,
				BD950CFE21B3B32F00F9060C /* TableViewErrorCellViewModel.swift */,
			);
			path = TableView;
			sourceTree = "<group>";
		};
		BD950D0421B3C27500F9060C /* Navigation */ = {
			isa = PBXGroup;
			children = (
				BD950D0521B3C28F00F9060C /* Coordinator.swift */,
				BD950D0721B3C2C400F9060C /* Screen.swift */,
				BD950D0D21B3C78F00F9060C /* ScreenTransition.swift */,
			);
			path = Navigation;
			sourceTree = "<group>";
		};
		BD9D126521AF9CAE0017B423 /* IndexView */ = {
			isa = PBXGroup;
			children = (
				BD351D2521AF95FD00B67054 /* IndexViewController.swift */,
				BD9D127121AF9EA90017B423 /* IndexView.swift */,
				BD9D127521AFA12F0017B423 /* IndexViewModel.swift */,
				BD9D127721AFA1670017B423 /* DeliveryCellViewModel.swift */,
				BD9D127921AFA1730017B423 /* DeliveryCell.swift */,
			);
			path = IndexView;
			sourceTree = "<group>";
		};
		BD9D126621AF9CB60017B423 /* DetailView */ = {
			isa = PBXGroup;
			children = (
				BD9D126C21AF9D0A0017B423 /* DetailViewController.swift */,
				BD950D0921B3C31C00F9060C /* DetailViewModel.swift */,
				BD950D0F21B3CB2500F9060C /* DetailView.swift */,
			);
			path = DetailView;
			sourceTree = "<group>";
		};
		BD9D126721AF9CC00017B423 /* Configurations */ = {
			isa = PBXGroup;
			children = (
				BD9D126A21AF9CE80017B423 /* .gitignore */,
				BD351D2F21AF95FE00B67054 /* Info.plist */,
			);
			path = Configurations;
			sourceTree = "<group>";
		};
		BD9D126E21AF9DB80017B423 /* Utils */ = {
			isa = PBXGroup;
			children = (
				BD950CF921B3B13E00F9060C /* TableView */,
				BD9D127B21AFA4770017B423 /*  Extensions */,
				BD950D0221B3C26600F9060C /* Globals.swift */,
			);
			path = Utils;
			sourceTree = "<group>";
		};
		BD9D127B21AFA4770017B423 /*  Extensions */ = {
			isa = PBXGroup;
			children = (
				BD9D127C21AFA4830017B423 /* CollectionExtensions.swift */,
			);
			path = " Extensions";
			sourceTree = "<group>";
		};
		BD9D127E21AFA68E0017B423 /* API */ = {
			isa = PBXGroup;
			children = (
				BD9D128421AFA7060017B423 /* APIClient.swift */,
				BD9D128821AFA81C0017B423 /* APIClientConfiguration.swift */,
				BD9D128621AFA7BD0017B423 /* DeliveryCompanyClient.swift */,
				BD52994E21AFACB80061B63B /* EnvironmentManager.swift */,
				BD950D0021B3B63A00F9060C /* APIError.swift */,
			);
			path = API;
			sourceTree = "<group>";
		};
		BD9D127F21AFA6990017B423 /* Model */ = {
			isa = PBXGroup;
			children = (
				BD9D128021AFA6A60017B423 /* Delivery.swift */,
				BD9D128221AFA6C10017B423 /* Location.swift */,
			);
			path = Model;
			sourceTree = "<group>";
		};
		EFBCAFE2A4E9A06EC3C3C612 /* Pods */ = {
			isa = PBXGroup;
			children = (
				83C49625734B3E8F40D20E15 /* Pods-TechChallenge.debug.xcconfig */,
				2A5F55FB083B46FDF7DFCB7C /* Pods-TechChallenge.release.xcconfig */,
				89E06281B570550F6DF9E3AE /* Pods-TechChallengeTests.debug.xcconfig */,
				D5447A8A802E8CB6BC60BA43 /* Pods-TechChallengeTests.release.xcconfig */,
				65B81A2BD76AF785927CC632 /* Pods-TechChallengeUITests.debug.xcconfig */,
				5D87FDA7F1C14B7117D17B2D /* Pods-TechChallengeUITests.release.xcconfig */,
			);
			name = Pods;
			sourceTree = "<group>";
		};
		FD0C0AFAE2B0AFB82C2BDF3B /* Frameworks */ = {
			isa = PBXGroup;
			children = (
				9D59CA1B753ECF7ECCA9863E /* Pods_TechChallenge.framework */,
				7ECAA86C3C72A6476E14F108 /* Pods_TechChallengeTests.framework */,
				4F917B34FB2470C064B8822A /* Pods_TechChallengeUITests.framework */,
			);
			name = Frameworks;
			sourceTree = "<group>";
		};
/* End PBXGroup section */

/* Begin PBXNativeTarget section */
		BD351D1F21AF95FD00B67054 /* TechChallenge */ = {
			isa = PBXNativeTarget;
			buildConfigurationList = BD351D4821AF95FE00B67054 /* Build configuration list for PBXNativeTarget "TechChallenge" */;
			buildPhases = (
				5868C5602E4FE79A824D5EAA /* [CP] Check Pods Manifest.lock */,
				BD351D1C21AF95FD00B67054 /* Sources */,
				BD351D1D21AF95FD00B67054 /* Frameworks */,
				BD351D1E21AF95FD00B67054 /* Resources */,
				9B6194914DC3BCBAA775295B /* [CP] Embed Pods Frameworks */,
			);
			buildRules = (
			);
			dependencies = (
			);
			name = TechChallenge;
			productName = TechChallenge;
			productReference = BD351D2021AF95FD00B67054 /* TechChallenge.app */;
			productType = "com.apple.product-type.application";
		};
		BD351D3321AF95FE00B67054 /* TechChallengeTests */ = {
			isa = PBXNativeTarget;
			buildConfigurationList = BD351D4B21AF95FE00B67054 /* Build configuration list for PBXNativeTarget "TechChallengeTests" */;
			buildPhases = (
				628394B759964CA4F1C014A8 /* [CP] Check Pods Manifest.lock */,
				BD351D3021AF95FE00B67054 /* Sources */,
				BD351D3121AF95FE00B67054 /* Frameworks */,
				BD351D3221AF95FE00B67054 /* Resources */,
				51A1E49889B9B9FDE469BB53 /* [CP] Embed Pods Frameworks */,
			);
			buildRules = (
			);
			dependencies = (
				BD351D3621AF95FE00B67054 /* PBXTargetDependency */,
			);
			name = TechChallengeTests;
			productName = TechChallengeTests;
			productReference = BD351D3421AF95FE00B67054 /* TechChallengeTests.xctest */;
			productType = "com.apple.product-type.bundle.unit-test";
		};
		BD351D3E21AF95FE00B67054 /* TechChallengeUITests */ = {
			isa = PBXNativeTarget;
			buildConfigurationList = BD351D4E21AF95FE00B67054 /* Build configuration list for PBXNativeTarget "TechChallengeUITests" */;
			buildPhases = (
				101740DC720C3A938A60B91E /* [CP] Check Pods Manifest.lock */,
				BD351D3B21AF95FE00B67054 /* Sources */,
				BD351D3C21AF95FE00B67054 /* Frameworks */,
				BD351D3D21AF95FE00B67054 /* Resources */,
				8F7B0ACEAD917289ED959CB1 /* [CP] Embed Pods Frameworks */,
			);
			buildRules = (
			);
			dependencies = (
				BD351D4121AF95FE00B67054 /* PBXTargetDependency */,
			);
			name = TechChallengeUITests;
			productName = TechChallengeUITests;
			productReference = BD351D3F21AF95FE00B67054 /* TechChallengeUITests.xctest */;
			productType = "com.apple.product-type.bundle.ui-testing";
		};
/* End PBXNativeTarget section */

/* Begin PBXProject section */
		BD351D1821AF95FD00B67054 /* Project object */ = {
			isa = PBXProject;
			attributes = {
				LastSwiftUpdateCheck = 1010;
				LastUpgradeCheck = 1010;
				ORGANIZATIONNAME = "Michael Woodruff";
				TargetAttributes = {
					BD351D1F21AF95FD00B67054 = {
						CreatedOnToolsVersion = 10.1;
					};
					BD351D3321AF95FE00B67054 = {
						CreatedOnToolsVersion = 10.1;
						TestTargetID = BD351D1F21AF95FD00B67054;
					};
					BD351D3E21AF95FE00B67054 = {
						CreatedOnToolsVersion = 10.1;
						TestTargetID = BD351D1F21AF95FD00B67054;
					};
				};
			};
			buildConfigurationList = BD351D1B21AF95FD00B67054 /* Build configuration list for PBXProject "TechChallenge" */;
			compatibilityVersion = "Xcode 9.3";
			developmentRegion = en;
			hasScannedForEncodings = 0;
			knownRegions = (
				en,
				Base,
			);
			mainGroup = BD351D1721AF95FD00B67054;
			productRefGroup = BD351D2121AF95FD00B67054 /* Products */;
			projectDirPath = "";
			projectRoot = "";
			targets = (
				BD351D1F21AF95FD00B67054 /* TechChallenge */,
				BD351D3321AF95FE00B67054 /* TechChallengeTests */,
				BD351D3E21AF95FE00B67054 /* TechChallengeUITests */,
			);
		};
/* End PBXProject section */

/* Begin PBXResourcesBuildPhase section */
		BD351D1E21AF95FD00B67054 /* Resources */ = {
			isa = PBXResourcesBuildPhase;
			buildActionMask = 2147483647;
			files = (
				BD9D126B21AF9CE80017B423 /* .gitignore in Resources */,
				BD351D2E21AF95FE00B67054 /* LaunchScreen.storyboard in Resources */,
				BD351D2B21AF95FE00B67054 /* Assets.xcassets in Resources */,
			);
			runOnlyForDeploymentPostprocessing = 0;
		};
		BD351D3221AF95FE00B67054 /* Resources */ = {
			isa = PBXResourcesBuildPhase;
			buildActionMask = 2147483647;
			files = (
			);
			runOnlyForDeploymentPostprocessing = 0;
		};
		BD351D3D21AF95FE00B67054 /* Resources */ = {
			isa = PBXResourcesBuildPhase;
			buildActionMask = 2147483647;
			files = (
			);
			runOnlyForDeploymentPostprocessing = 0;
		};
/* End PBXResourcesBuildPhase section */

/* Begin PBXShellScriptBuildPhase section */
		101740DC720C3A938A60B91E /* [CP] Check Pods Manifest.lock */ = {
			isa = PBXShellScriptBuildPhase;
			buildActionMask = 2147483647;
			files = (
			);
			inputFileListPaths = (
			);
			inputPaths = (
				"${PODS_PODFILE_DIR_PATH}/Podfile.lock",
				"${PODS_ROOT}/Manifest.lock",
			);
			name = "[CP] Check Pods Manifest.lock";
			outputFileListPaths = (
			);
			outputPaths = (
				"$(DERIVED_FILE_DIR)/Pods-TechChallengeUITests-checkManifestLockResult.txt",
			);
			runOnlyForDeploymentPostprocessing = 0;
			shellPath = /bin/sh;
			shellScript = "diff \"${PODS_PODFILE_DIR_PATH}/Podfile.lock\" \"${PODS_ROOT}/Manifest.lock\" > /dev/null\nif [ $? != 0 ] ; then\n    # print error to STDERR\n    echo \"error: The sandbox is not in sync with the Podfile.lock. Run 'pod install' or update your CocoaPods installation.\" >&2\n    exit 1\nfi\n# This output is used by Xcode 'outputs' to avoid re-running this script phase.\necho \"SUCCESS\" > \"${SCRIPT_OUTPUT_FILE_0}\"\n";
			showEnvVarsInLog = 0;
		};
		51A1E49889B9B9FDE469BB53 /* [CP] Embed Pods Frameworks */ = {
			isa = PBXShellScriptBuildPhase;
			buildActionMask = 2147483647;
			files = (
			);
			inputFileListPaths = (
			);
			inputPaths = (
				"${SRCROOT}/Pods/Target Support Files/Pods-TechChallengeTests/Pods-TechChallengeTests-frameworks.sh",
				"${BUILT_PRODUCTS_DIR}/Alamofire/Alamofire.framework",
				"${BUILT_PRODUCTS_DIR}/Kingfisher/Kingfisher.framework",
				"${BUILT_PRODUCTS_DIR}/RxSwift/RxSwift.framework",
			);
			name = "[CP] Embed Pods Frameworks";
			outputFileListPaths = (
			);
			outputPaths = (
				"${TARGET_BUILD_DIR}/${FRAMEWORKS_FOLDER_PATH}/Alamofire.framework",
				"${TARGET_BUILD_DIR}/${FRAMEWORKS_FOLDER_PATH}/Kingfisher.framework",
				"${TARGET_BUILD_DIR}/${FRAMEWORKS_FOLDER_PATH}/RxSwift.framework",
			);
			runOnlyForDeploymentPostprocessing = 0;
			shellPath = /bin/sh;
			shellScript = "\"${SRCROOT}/Pods/Target Support Files/Pods-TechChallengeTests/Pods-TechChallengeTests-frameworks.sh\"\n";
			showEnvVarsInLog = 0;
		};
		5868C5602E4FE79A824D5EAA /* [CP] Check Pods Manifest.lock */ = {
			isa = PBXShellScriptBuildPhase;
			buildActionMask = 2147483647;
			files = (
			);
			inputFileListPaths = (
			);
			inputPaths = (
				"${PODS_PODFILE_DIR_PATH}/Podfile.lock",
				"${PODS_ROOT}/Manifest.lock",
			);
			name = "[CP] Check Pods Manifest.lock";
			outputFileListPaths = (
			);
			outputPaths = (
				"$(DERIVED_FILE_DIR)/Pods-TechChallenge-checkManifestLockResult.txt",
			);
			runOnlyForDeploymentPostprocessing = 0;
			shellPath = /bin/sh;
			shellScript = "diff \"${PODS_PODFILE_DIR_PATH}/Podfile.lock\" \"${PODS_ROOT}/Manifest.lock\" > /dev/null\nif [ $? != 0 ] ; then\n    # print error to STDERR\n    echo \"error: The sandbox is not in sync with the Podfile.lock. Run 'pod install' or update your CocoaPods installation.\" >&2\n    exit 1\nfi\n# This output is used by Xcode 'outputs' to avoid re-running this script phase.\necho \"SUCCESS\" > \"${SCRIPT_OUTPUT_FILE_0}\"\n";
			showEnvVarsInLog = 0;
		};
		628394B759964CA4F1C014A8 /* [CP] Check Pods Manifest.lock */ = {
			isa = PBXShellScriptBuildPhase;
			buildActionMask = 2147483647;
			files = (
			);
			inputFileListPaths = (
			);
			inputPaths = (
				"${PODS_PODFILE_DIR_PATH}/Podfile.lock",
				"${PODS_ROOT}/Manifest.lock",
			);
			name = "[CP] Check Pods Manifest.lock";
			outputFileListPaths = (
			);
			outputPaths = (
				"$(DERIVED_FILE_DIR)/Pods-TechChallengeTests-checkManifestLockResult.txt",
			);
			runOnlyForDeploymentPostprocessing = 0;
			shellPath = /bin/sh;
			shellScript = "diff \"${PODS_PODFILE_DIR_PATH}/Podfile.lock\" \"${PODS_ROOT}/Manifest.lock\" > /dev/null\nif [ $? != 0 ] ; then\n    # print error to STDERR\n    echo \"error: The sandbox is not in sync with the Podfile.lock. Run 'pod install' or update your CocoaPods installation.\" >&2\n    exit 1\nfi\n# This output is used by Xcode 'outputs' to avoid re-running this script phase.\necho \"SUCCESS\" > \"${SCRIPT_OUTPUT_FILE_0}\"\n";
			showEnvVarsInLog = 0;
		};
		8F7B0ACEAD917289ED959CB1 /* [CP] Embed Pods Frameworks */ = {
			isa = PBXShellScriptBuildPhase;
			buildActionMask = 2147483647;
			files = (
			);
			inputFileListPaths = (
			);
			inputPaths = (
				"${SRCROOT}/Pods/Target Support Files/Pods-TechChallengeUITests/Pods-TechChallengeUITests-frameworks.sh",
				"${BUILT_PRODUCTS_DIR}/Alamofire/Alamofire.framework",
				"${BUILT_PRODUCTS_DIR}/Kingfisher/Kingfisher.framework",
				"${BUILT_PRODUCTS_DIR}/RxSwift/RxSwift.framework",
			);
			name = "[CP] Embed Pods Frameworks";
			outputFileListPaths = (
			);
			outputPaths = (
				"${TARGET_BUILD_DIR}/${FRAMEWORKS_FOLDER_PATH}/Alamofire.framework",
				"${TARGET_BUILD_DIR}/${FRAMEWORKS_FOLDER_PATH}/Kingfisher.framework",
				"${TARGET_BUILD_DIR}/${FRAMEWORKS_FOLDER_PATH}/RxSwift.framework",
			);
			runOnlyForDeploymentPostprocessing = 0;
			shellPath = /bin/sh;
			shellScript = "\"${SRCROOT}/Pods/Target Support Files/Pods-TechChallengeUITests/Pods-TechChallengeUITests-frameworks.sh\"\n";
			showEnvVarsInLog = 0;
		};
		9B6194914DC3BCBAA775295B /* [CP] Embed Pods Frameworks */ = {
			isa = PBXShellScriptBuildPhase;
			buildActionMask = 2147483647;
			files = (
			);
			inputFileListPaths = (
			);
			inputPaths = (
				"${SRCROOT}/Pods/Target Support Files/Pods-TechChallenge/Pods-TechChallenge-frameworks.sh",
				"${BUILT_PRODUCTS_DIR}/Alamofire/Alamofire.framework",
				"${BUILT_PRODUCTS_DIR}/Kingfisher/Kingfisher.framework",
				"${BUILT_PRODUCTS_DIR}/RxSwift/RxSwift.framework",
			);
			name = "[CP] Embed Pods Frameworks";
			outputFileListPaths = (
			);
			outputPaths = (
				"${TARGET_BUILD_DIR}/${FRAMEWORKS_FOLDER_PATH}/Alamofire.framework",
				"${TARGET_BUILD_DIR}/${FRAMEWORKS_FOLDER_PATH}/Kingfisher.framework",
				"${TARGET_BUILD_DIR}/${FRAMEWORKS_FOLDER_PATH}/RxSwift.framework",
			);
			runOnlyForDeploymentPostprocessing = 0;
			shellPath = /bin/sh;
			shellScript = "\"${SRCROOT}/Pods/Target Support Files/Pods-TechChallenge/Pods-TechChallenge-frameworks.sh\"\n";
			showEnvVarsInLog = 0;
		};
/* End PBXShellScriptBuildPhase section */

/* Begin PBXSourcesBuildPhase section */
		BD351D1C21AF95FD00B67054 /* Sources */ = {
			isa = PBXSourcesBuildPhase;
			buildActionMask = 2147483647;
			files = (
				BD9D126D21AF9D0A0017B423 /* DetailViewController.swift in Sources */,
				BD351D2621AF95FD00B67054 /* IndexViewController.swift in Sources */,
				BD9D128721AFA7BD0017B423 /* DeliveryCompanyClient.swift in Sources */,
				BD950D0821B3C2C400F9060C /* Screen.swift in Sources */,
				BD950D0A21B3C31C00F9060C /* DetailViewModel.swift in Sources */,
				BD950CF821B3B12000F9060C /* TableViewLoadingCell.swift in Sources */,
				BD950CFD21B3B32100F9060C /* TableViewErrorCell.swift in Sources */,
				BD52994F21AFACB80061B63B /* EnvironmentManager.swift in Sources */,
				BD950CFB21B3B16200F9060C /* TableViewLoadingCellViewModel.swift in Sources */,
				BD351D2421AF95FD00B67054 /* AppDelegate.swift in Sources */,
				BD9D127421AFA0020017B423 /* TableViewModel.swift in Sources */,
				BD950CFF21B3B32F00F9060C /* TableViewErrorCellViewModel.swift in Sources */,
				BD9D127221AF9EA90017B423 /* IndexView.swift in Sources */,
				BD950D0121B3B63A00F9060C /* APIError.swift in Sources */,
				BD9D128121AFA6A60017B423 /* Delivery.swift in Sources */,
				BD950D1021B3CB2500F9060C /* DetailView.swift in Sources */,
				BD9D127021AF9DD20017B423 /* TableView.swift in Sources */,
				BD9D127A21AFA1730017B423 /* DeliveryCell.swift in Sources */,
				BD9D127821AFA1670017B423 /* DeliveryCellViewModel.swift in Sources */,
				BD9D128521AFA7060017B423 /* APIClient.swift in Sources */,
				BD9D127621AFA12F0017B423 /* IndexViewModel.swift in Sources */,
				BD9D128321AFA6C10017B423 /* Location.swift in Sources */,
				BD52995321AFD3020061B63B /* TableViewCell.swift in Sources */,
				BD950D0321B3C26600F9060C /* Globals.swift in Sources */,
				BD9D128921AFA81C0017B423 /* APIClientConfiguration.swift in Sources */,
				BD950D0E21B3C78F00F9060C /* ScreenTransition.swift in Sources */,
				BD950D0621B3C28F00F9060C /* Coordinator.swift in Sources */,
				BD9D127D21AFA4830017B423 /* CollectionExtensions.swift in Sources */,
				BD950CF621B3B0A800F9060C /* TableViewBinder.swift in Sources */,
			);
			runOnlyForDeploymentPostprocessing = 0;
		};
		BD351D3021AF95FE00B67054 /* Sources */ = {
			isa = PBXSourcesBuildPhase;
			buildActionMask = 2147483647;
			files = (
				BD351D3921AF95FE00B67054 /* TechChallengeTests.swift in Sources */,
			);
			runOnlyForDeploymentPostprocessing = 0;
		};
		BD351D3B21AF95FE00B67054 /* Sources */ = {
			isa = PBXSourcesBuildPhase;
			buildActionMask = 2147483647;
			files = (
				BD351D4421AF95FE00B67054 /* TechChallengeUITests.swift in Sources */,
			);
			runOnlyForDeploymentPostprocessing = 0;
		};
/* End PBXSourcesBuildPhase section */

/* Begin PBXTargetDependency section */
		BD351D3621AF95FE00B67054 /* PBXTargetDependency */ = {
			isa = PBXTargetDependency;
			target = BD351D1F21AF95FD00B67054 /* TechChallenge */;
			targetProxy = BD351D3521AF95FE00B67054 /* PBXContainerItemProxy */;
		};
		BD351D4121AF95FE00B67054 /* PBXTargetDependency */ = {
			isa = PBXTargetDependency;
			target = BD351D1F21AF95FD00B67054 /* TechChallenge */;
			targetProxy = BD351D4021AF95FE00B67054 /* PBXContainerItemProxy */;
		};
/* End PBXTargetDependency section */

/* Begin PBXVariantGroup section */
		BD351D2C21AF95FE00B67054 /* LaunchScreen.storyboard */ = {
			isa = PBXVariantGroup;
			children = (
				BD351D2D21AF95FE00B67054 /* Base */,
			);
			name = LaunchScreen.storyboard;
			sourceTree = "<group>";
		};
/* End PBXVariantGroup section */

/* Begin XCBuildConfiguration section */
		BD351D4621AF95FE00B67054 /* Debug */ = {
			isa = XCBuildConfiguration;
			buildSettings = {
				ALWAYS_SEARCH_USER_PATHS = NO;
				CLANG_ANALYZER_NONNULL = YES;
				CLANG_ANALYZER_NUMBER_OBJECT_CONVERSION = YES_AGGRESSIVE;
				CLANG_CXX_LANGUAGE_STANDARD = "gnu++14";
				CLANG_CXX_LIBRARY = "libc++";
				CLANG_ENABLE_MODULES = YES;
				CLANG_ENABLE_OBJC_ARC = YES;
				CLANG_ENABLE_OBJC_WEAK = YES;
				CLANG_WARN_BLOCK_CAPTURE_AUTORELEASING = YES;
				CLANG_WARN_BOOL_CONVERSION = YES;
				CLANG_WARN_COMMA = YES;
				CLANG_WARN_CONSTANT_CONVERSION = YES;
				CLANG_WARN_DEPRECATED_OBJC_IMPLEMENTATIONS = YES;
				CLANG_WARN_DIRECT_OBJC_ISA_USAGE = YES_ERROR;
				CLANG_WARN_DOCUMENTATION_COMMENTS = YES;
				CLANG_WARN_EMPTY_BODY = YES;
				CLANG_WARN_ENUM_CONVERSION = YES;
				CLANG_WARN_INFINITE_RECURSION = YES;
				CLANG_WARN_INT_CONVERSION = YES;
				CLANG_WARN_NON_LITERAL_NULL_CONVERSION = YES;
				CLANG_WARN_OBJC_IMPLICIT_RETAIN_SELF = YES;
				CLANG_WARN_OBJC_LITERAL_CONVERSION = YES;
				CLANG_WARN_OBJC_ROOT_CLASS = YES_ERROR;
				CLANG_WARN_RANGE_LOOP_ANALYSIS = YES;
				CLANG_WARN_STRICT_PROTOTYPES = YES;
				CLANG_WARN_SUSPICIOUS_MOVE = YES;
				CLANG_WARN_UNGUARDED_AVAILABILITY = YES_AGGRESSIVE;
				CLANG_WARN_UNREACHABLE_CODE = YES;
				CLANG_WARN__DUPLICATE_METHOD_MATCH = YES;
				CODE_SIGN_IDENTITY = "iPhone Developer";
				COPY_PHASE_STRIP = NO;
				DEBUG_INFORMATION_FORMAT = dwarf;
				ENABLE_STRICT_OBJC_MSGSEND = YES;
				ENABLE_TESTABILITY = YES;
				GCC_C_LANGUAGE_STANDARD = gnu11;
				GCC_DYNAMIC_NO_PIC = NO;
				GCC_NO_COMMON_BLOCKS = YES;
				GCC_OPTIMIZATION_LEVEL = 0;
				GCC_PREPROCESSOR_DEFINITIONS = (
					"DEBUG=1",
					"$(inherited)",
				);
				GCC_WARN_64_TO_32_BIT_CONVERSION = YES;
				GCC_WARN_ABOUT_RETURN_TYPE = YES_ERROR;
				GCC_WARN_UNDECLARED_SELECTOR = YES;
				GCC_WARN_UNINITIALIZED_AUTOS = YES_AGGRESSIVE;
				GCC_WARN_UNUSED_FUNCTION = YES;
				GCC_WARN_UNUSED_VARIABLE = YES;
				IPHONEOS_DEPLOYMENT_TARGET = 12.1;
				MTL_ENABLE_DEBUG_INFO = INCLUDE_SOURCE;
				MTL_FAST_MATH = YES;
				ONLY_ACTIVE_ARCH = YES;
				SDKROOT = iphoneos;
				SWIFT_ACTIVE_COMPILATION_CONDITIONS = DEBUG;
				SWIFT_OPTIMIZATION_LEVEL = "-Onone";
			};
			name = Debug;
		};
		BD351D4721AF95FE00B67054 /* Release */ = {
			isa = XCBuildConfiguration;
			buildSettings = {
				ALWAYS_SEARCH_USER_PATHS = NO;
				CLANG_ANALYZER_NONNULL = YES;
				CLANG_ANALYZER_NUMBER_OBJECT_CONVERSION = YES_AGGRESSIVE;
				CLANG_CXX_LANGUAGE_STANDARD = "gnu++14";
				CLANG_CXX_LIBRARY = "libc++";
				CLANG_ENABLE_MODULES = YES;
				CLANG_ENABLE_OBJC_ARC = YES;
				CLANG_ENABLE_OBJC_WEAK = YES;
				CLANG_WARN_BLOCK_CAPTURE_AUTORELEASING = YES;
				CLANG_WARN_BOOL_CONVERSION = YES;
				CLANG_WARN_COMMA = YES;
				CLANG_WARN_CONSTANT_CONVERSION = YES;
				CLANG_WARN_DEPRECATED_OBJC_IMPLEMENTATIONS = YES;
				CLANG_WARN_DIRECT_OBJC_ISA_USAGE = YES_ERROR;
				CLANG_WARN_DOCUMENTATION_COMMENTS = YES;
				CLANG_WARN_EMPTY_BODY = YES;
				CLANG_WARN_ENUM_CONVERSION = YES;
				CLANG_WARN_INFINITE_RECURSION = YES;
				CLANG_WARN_INT_CONVERSION = YES;
				CLANG_WARN_NON_LITERAL_NULL_CONVERSION = YES;
				CLANG_WARN_OBJC_IMPLICIT_RETAIN_SELF = YES;
				CLANG_WARN_OBJC_LITERAL_CONVERSION = YES;
				CLANG_WARN_OBJC_ROOT_CLASS = YES_ERROR;
				CLANG_WARN_RANGE_LOOP_ANALYSIS = YES;
				CLANG_WARN_STRICT_PROTOTYPES = YES;
				CLANG_WARN_SUSPICIOUS_MOVE = YES;
				CLANG_WARN_UNGUARDED_AVAILABILITY = YES_AGGRESSIVE;
				CLANG_WARN_UNREACHABLE_CODE = YES;
				CLANG_WARN__DUPLICATE_METHOD_MATCH = YES;
				CODE_SIGN_IDENTITY = "iPhone Developer";
				COPY_PHASE_STRIP = NO;
				DEBUG_INFORMATION_FORMAT = "dwarf-with-dsym";
				ENABLE_NS_ASSERTIONS = NO;
				ENABLE_STRICT_OBJC_MSGSEND = YES;
				GCC_C_LANGUAGE_STANDARD = gnu11;
				GCC_NO_COMMON_BLOCKS = YES;
				GCC_WARN_64_TO_32_BIT_CONVERSION = YES;
				GCC_WARN_ABOUT_RETURN_TYPE = YES_ERROR;
				GCC_WARN_UNDECLARED_SELECTOR = YES;
				GCC_WARN_UNINITIALIZED_AUTOS = YES_AGGRESSIVE;
				GCC_WARN_UNUSED_FUNCTION = YES;
				GCC_WARN_UNUSED_VARIABLE = YES;
				IPHONEOS_DEPLOYMENT_TARGET = 12.1;
				MTL_ENABLE_DEBUG_INFO = NO;
				MTL_FAST_MATH = YES;
				SDKROOT = iphoneos;
				SWIFT_COMPILATION_MODE = wholemodule;
				SWIFT_OPTIMIZATION_LEVEL = "-O";
				VALIDATE_PRODUCT = YES;
			};
			name = Release;
		};
		BD351D4921AF95FE00B67054 /* Debug */ = {
			isa = XCBuildConfiguration;
			baseConfigurationReference = 83C49625734B3E8F40D20E15 /* Pods-TechChallenge.debug.xcconfig */;
			buildSettings = {
				ASSETCATALOG_COMPILER_APPICON_NAME = AppIcon;
				CODE_SIGN_STYLE = Automatic;
				DEVELOPMENT_TEAM = R52WA39X5N;
				INFOPLIST_FILE = TechChallenge/Configurations/Info.plist;
				LD_RUNPATH_SEARCH_PATHS = (
					"$(inherited)",
					"@executable_path/Frameworks",
				);
				PRODUCT_BUNDLE_IDENTIFIER = Mike.TechChallenge;
				PRODUCT_NAME = "$(TARGET_NAME)";
				SWIFT_VERSION = 4.2;
				TARGETED_DEVICE_FAMILY = "1,2";
			};
			name = Debug;
		};
		BD351D4A21AF95FE00B67054 /* Release */ = {
			isa = XCBuildConfiguration;
			baseConfigurationReference = 2A5F55FB083B46FDF7DFCB7C /* Pods-TechChallenge.release.xcconfig */;
			buildSettings = {
				ASSETCATALOG_COMPILER_APPICON_NAME = AppIcon;
				CODE_SIGN_STYLE = Automatic;
				DEVELOPMENT_TEAM = R52WA39X5N;
				INFOPLIST_FILE = TechChallenge/Configurations/Info.plist;
				LD_RUNPATH_SEARCH_PATHS = (
					"$(inherited)",
					"@executable_path/Frameworks",
				);
				PRODUCT_BUNDLE_IDENTIFIER = Mike.TechChallenge;
				PRODUCT_NAME = "$(TARGET_NAME)";
				SWIFT_VERSION = 4.2;
				TARGETED_DEVICE_FAMILY = "1,2";
			};
			name = Release;
		};
		BD351D4C21AF95FE00B67054 /* Debug */ = {
			isa = XCBuildConfiguration;
			baseConfigurationReference = 89E06281B570550F6DF9E3AE /* Pods-TechChallengeTests.debug.xcconfig */;
			buildSettings = {
				ALWAYS_EMBED_SWIFT_STANDARD_LIBRARIES = YES;
				BUNDLE_LOADER = "$(TEST_HOST)";
				CODE_SIGN_STYLE = Automatic;
				DEVELOPMENT_TEAM = R52WA39X5N;
				INFOPLIST_FILE = TechChallengeTests/Info.plist;
				LD_RUNPATH_SEARCH_PATHS = (
					"$(inherited)",
					"@executable_path/Frameworks",
					"@loader_path/Frameworks",
				);
				PRODUCT_BUNDLE_IDENTIFIER = Mike.TechChallengeTests;
				PRODUCT_NAME = "$(TARGET_NAME)";
				SWIFT_VERSION = 4.2;
				TARGETED_DEVICE_FAMILY = "1,2";
				TEST_HOST = "$(BUILT_PRODUCTS_DIR)/TechChallenge.app/TechChallenge";
			};
			name = Debug;
		};
		BD351D4D21AF95FE00B67054 /* Release */ = {
			isa = XCBuildConfiguration;
			baseConfigurationReference = D5447A8A802E8CB6BC60BA43 /* Pods-TechChallengeTests.release.xcconfig */;
			buildSettings = {
				ALWAYS_EMBED_SWIFT_STANDARD_LIBRARIES = YES;
				BUNDLE_LOADER = "$(TEST_HOST)";
				CODE_SIGN_STYLE = Automatic;
				DEVELOPMENT_TEAM = R52WA39X5N;
				INFOPLIST_FILE = TechChallengeTests/Info.plist;
				LD_RUNPATH_SEARCH_PATHS = (
					"$(inherited)",
					"@executable_path/Frameworks",
					"@loader_path/Frameworks",
				);
				PRODUCT_BUNDLE_IDENTIFIER = Mike.TechChallengeTests;
				PRODUCT_NAME = "$(TARGET_NAME)";
				SWIFT_VERSION = 4.2;
				TARGETED_DEVICE_FAMILY = "1,2";
				TEST_HOST = "$(BUILT_PRODUCTS_DIR)/TechChallenge.app/TechChallenge";
			};
			name = Release;
		};
		BD351D4F21AF95FE00B67054 /* Debug */ = {
			isa = XCBuildConfiguration;
			baseConfigurationReference = 65B81A2BD76AF785927CC632 /* Pods-TechChallengeUITests.debug.xcconfig */;
			buildSettings = {
				ALWAYS_EMBED_SWIFT_STANDARD_LIBRARIES = YES;
				CODE_SIGN_STYLE = Automatic;
				DEVELOPMENT_TEAM = R52WA39X5N;
				INFOPLIST_FILE = TechChallengeUITests/Info.plist;
				LD_RUNPATH_SEARCH_PATHS = (
					"$(inherited)",
					"@executable_path/Frameworks",
					"@loader_path/Frameworks",
				);
				PRODUCT_BUNDLE_IDENTIFIER = Mike.TechChallengeUITests;
				PRODUCT_NAME = "$(TARGET_NAME)";
				SWIFT_VERSION = 4.2;
				TARGETED_DEVICE_FAMILY = "1,2";
				TEST_TARGET_NAME = TechChallenge;
			};
			name = Debug;
		};
		BD351D5021AF95FE00B67054 /* Release */ = {
			isa = XCBuildConfiguration;
			baseConfigurationReference = 5D87FDA7F1C14B7117D17B2D /* Pods-TechChallengeUITests.release.xcconfig */;
			buildSettings = {
				ALWAYS_EMBED_SWIFT_STANDARD_LIBRARIES = YES;
				CODE_SIGN_STYLE = Automatic;
				DEVELOPMENT_TEAM = R52WA39X5N;
				INFOPLIST_FILE = TechChallengeUITests/Info.plist;
				LD_RUNPATH_SEARCH_PATHS = (
					"$(inherited)",
					"@executable_path/Frameworks",
					"@loader_path/Frameworks",
				);
				PRODUCT_BUNDLE_IDENTIFIER = Mike.TechChallengeUITests;
				PRODUCT_NAME = "$(TARGET_NAME)";
				SWIFT_VERSION = 4.2;
				TARGETED_DEVICE_FAMILY = "1,2";
				TEST_TARGET_NAME = TechChallenge;
			};
			name = Release;
		};
/* End XCBuildConfiguration section */

/* Begin XCConfigurationList section */
		BD351D1B21AF95FD00B67054 /* Build configuration list for PBXProject "TechChallenge" */ = {
			isa = XCConfigurationList;
			buildConfigurations = (
				BD351D4621AF95FE00B67054 /* Debug */,
				BD351D4721AF95FE00B67054 /* Release */,
			);
			defaultConfigurationIsVisible = 0;
			defaultConfigurationName = Release;
		};
		BD351D4821AF95FE00B67054 /* Build configuration list for PBXNativeTarget "TechChallenge" */ = {
			isa = XCConfigurationList;
			buildConfigurations = (
				BD351D4921AF95FE00B67054 /* Debug */,
				BD351D4A21AF95FE00B67054 /* Release */,
			);
			defaultConfigurationIsVisible = 0;
			defaultConfigurationName = Release;
		};
		BD351D4B21AF95FE00B67054 /* Build configuration list for PBXNativeTarget "TechChallengeTests" */ = {
			isa = XCConfigurationList;
			buildConfigurations = (
				BD351D4C21AF95FE00B67054 /* Debug */,
				BD351D4D21AF95FE00B67054 /* Release */,
			);
			defaultConfigurationIsVisible = 0;
			defaultConfigurationName = Release;
		};
		BD351D4E21AF95FE00B67054 /* Build configuration list for PBXNativeTarget "TechChallengeUITests" */ = {
			isa = XCConfigurationList;
			buildConfigurations = (
				BD351D4F21AF95FE00B67054 /* Debug */,
				BD351D5021AF95FE00B67054 /* Release */,
			);
			defaultConfigurationIsVisible = 0;
			defaultConfigurationName = Release;
		};
/* End XCConfigurationList section */
	};
	rootObject = BD351D1821AF95FD00B67054 /* Project object */;
}
